
Microsoft Visual Studio Solution File, Format Version 12.00
# Visual Studio 15
Project("{FAE04EC0-301F-11D3-BF4B-00C04F79EFBC}") = "Assembly-CSharp", "Assembly-CSharp.csproj", "{A2FF9A72-788B-6BC8-EA75-586C2D9FDCD9}"
EndProject
Global
	GlobalSection(SolutionConfigurationPlatforms) = preSolution
		Debug|Any CPU = Debug|Any CPU
		Release|Any CPU = Release|Any CPU
	EndGlobalSection
	GlobalSection(ProjectConfigurationPlatforms) = postSolution
		{A2FF9A72-788B-6BC8-EA75-586C2D9FDCD9}.Debug|Any CPU.ActiveCfg = Debug|Any CPU
		{A2FF9A72-788B-6BC8-EA75-586C2D9FDCD9}.Debug|Any CPU.Build.0 = Debug|Any CPU
		{A2FF9A72-788B-6BC8-EA75-586C2D9FDCD9}.Release|Any CPU.ActiveCfg = Release|Any CPU
		{A2FF9A72-788B-6BC8-EA75-586C2D9FDCD9}.Release|Any CPU.Build.0 = Release|Any CPU
	EndGlobalSection
	GlobalSection(SolutionProperties) = preSolution
		HideSolutionNode = FALSE
	EndGlobalSection
EndGlobal
